
Microsoft Visual Studio Solution File, Format Version 12.00
# Visual Studio Version 16
VisualStudioVersion = 16.0.30621.155
MinimumVisualStudioVersion = 10.0.40219.1
Project("{FAE04EC0-301F-11D3-BF4B-00C04F79EFBC}") = "Week_1_Thursday_Challenge_Nov_12", "Week_1_Thursday_Challenge_Nov_12\Week_1_Thursday_Challenge_Nov_12.csproj", "{F87CF6D1-2563-4B91-8BAE-A54578087B8F}"
EndProject
Project("{FAE04EC0-301F-11D3-BF4B-00C04F79EFBC}") = "Week2ChallengeCon", "Week2ChallengeCon\Week2ChallengeCon.csproj", "{CCFA15FA-F31B-4CAD-8699-AF6F512C349B}"
EndProject
Project("{FAE04EC0-301F-11D3-BF4B-00C04F79EFBC}") = "Week_4_Challenges", "Week_4_Challenges\Week_4_Challenges.csproj", "{8010BA86-FA71-4262-8CDC-32BB99C9C18B}"
EndProject
Project("{FAE04EC0-301F-11D3-BF4B-00C04F79EFBC}") = "Drofsnar_Console", "Drofsnar_Console\Drofsnar_Console.csproj", "{8CA48601-9DC2-4C75-B318-9DB07D7A40CA}"
EndProject
Project("{FAE04EC0-301F-11D3-BF4B-00C04F79EFBC}") = "MadLibs", "MadLibs\MadLibs.csproj", "{54903A4A-F2A1-4597-8876-A86E52CC3592}"
EndProject
Global
	GlobalSection(SolutionConfigurationPlatforms) = preSolution
		Debug|Any CPU = Debug|Any CPU
		Release|Any CPU = Release|Any CPU
	EndGlobalSection
	GlobalSection(ProjectConfigurationPlatforms) = postSolution
		{F87CF6D1-2563-4B91-8BAE-A54578087B8F}.Debug|Any CPU.ActiveCfg = Debug|Any CPU
		{F87CF6D1-2563-4B91-8BAE-A54578087B8F}.Debug|Any CPU.Build.0 = Debug|Any CPU
		{F87CF6D1-2563-4B91-8BAE-A54578087B8F}.Release|Any CPU.ActiveCfg = Release|Any CPU
		{F87CF6D1-2563-4B91-8BAE-A54578087B8F}.Release|Any CPU.Build.0 = Release|Any CPU
		{CCFA15FA-F31B-4CAD-8699-AF6F512C349B}.Debug|Any CPU.ActiveCfg = Debug|Any CPU
		{CCFA15FA-F31B-4CAD-8699-AF6F512C349B}.Debug|Any CPU.Build.0 = Debug|Any CPU
		{CCFA15FA-F31B-4CAD-8699-AF6F512C349B}.Release|Any CPU.ActiveCfg = Release|Any CPU
		{CCFA15FA-F31B-4CAD-8699-AF6F512C349B}.Release|Any CPU.Build.0 = Release|Any CPU
		{8010BA86-FA71-4262-8CDC-32BB99C9C18B}.Debug|Any CPU.ActiveCfg = Debug|Any CPU
		{8010BA86-FA71-4262-8CDC-32BB99C9C18B}.Debug|Any CPU.Build.0 = Debug|Any CPU
		{8010BA86-FA71-4262-8CDC-32BB99C9C18B}.Release|Any CPU.ActiveCfg = Release|Any CPU
		{8010BA86-FA71-4262-8CDC-32BB99C9C18B}.Release|Any CPU.Build.0 = Release|Any CPU
		{8CA48601-9DC2-4C75-B318-9DB07D7A40CA}.Debug|Any CPU.ActiveCfg = Debug|Any CPU
		{8CA48601-9DC2-4C75-B318-9DB07D7A40CA}.Debug|Any CPU.Build.0 = Debug|Any CPU
		{8CA48601-9DC2-4C75-B318-9DB07D7A40CA}.Release|Any CPU.ActiveCfg = Release|Any CPU
		{8CA48601-9DC2-4C75-B318-9DB07D7A40CA}.Release|Any CPU.Build.0 = Release|Any CPU
		{54903A4A-F2A1-4597-8876-A86E52CC3592}.Debug|Any CPU.ActiveCfg = Debug|Any CPU
		{54903A4A-F2A1-4597-8876-A86E52CC3592}.Debug|Any CPU.Build.0 = Debug|Any CPU
		{54903A4A-F2A1-4597-8876-A86E52CC3592}.Release|Any CPU.ActiveCfg = Release|Any CPU
		{54903A4A-F2A1-4597-8876-A86E52CC3592}.Release|Any CPU.Build.0 = Release|Any CPU
	EndGlobalSection
	GlobalSection(SolutionProperties) = preSolution
		HideSolutionNode = FALSE
	EndGlobalSection
	GlobalSection(ExtensibilityGlobals) = postSolution
		SolutionGuid = {8B5F3FE2-BED3-470B-8BE7-F5D1D866C1D9}
	EndGlobalSection
EndGlobal
